// !$*UTF8*$!
{
	archiveVersion = 1;
	classes = {
	};
	objectVersion = 50;
	objects = {

/* Begin PBXBuildFile section */
		A6B10A242563B10800D34DA7 /* AppDelegate.m in Sources */ = {isa = PBXBuildFile; fileRef = A6B10A232563B10800D34DA7 /* AppDelegate.m */; };
		A6B10A262563B10A00D34DA7 /* Assets.xcassets in Resources */ = {isa = PBXBuildFile; fileRef = A6B10A252563B10A00D34DA7 /* Assets.xcassets */; };
		A6B10A292563B10A00D34DA7 /* MainMenu.xib in Resources */ = {isa = PBXBuildFile; fileRef = A6B10A272563B10A00D34DA7 /* MainMenu.xib */; };
		A6B10A2C2563B10A00D34DA7 /* main.m in Sources */ = {isa = PBXBuildFile; fileRef = A6B10A2B2563B10A00D34DA7 /* main.m */; };
		A6B10A392563B21300D34DA7 /* ChooseSourceViewController.m in Sources */ = {isa = PBXBuildFile; fileRef = A6B10A372563B21300D34DA7 /* ChooseSourceViewController.m */; };
		A6B10A3A2563B21300D34DA7 /* ChooseSourceViewController.xib in Resources */ = {isa = PBXBuildFile; fileRef = A6B10A382563B21300D34DA7 /* ChooseSourceViewController.xib */; };
		A6B10A3E2563B32F00D34DA7 /* GogSourceViewController.m in Sources */ = {isa = PBXBuildFile; fileRef = A6B10A3C2563B32F00D34DA7 /* GogSourceViewController.m */; };
		A6B10A3F2563B32F00D34DA7 /* GogSourceViewController.xib in Resources */ = {isa = PBXBuildFile; fileRef = A6B10A3D2563B32F00D34DA7 /* GogSourceViewController.xib */; };
		A6B10A432563B33E00D34DA7 /* SteamSourceViewController.m in Sources */ = {isa = PBXBuildFile; fileRef = A6B10A412563B33E00D34DA7 /* SteamSourceViewController.m */; };
		A6B10A442563B33E00D34DA7 /* SteamSourceViewController.xib in Resources */ = {isa = PBXBuildFile; fileRef = A6B10A422563B33E00D34DA7 /* SteamSourceViewController.xib */; };
		A6B10A482563B34D00D34DA7 /* CdromSourceViewController.m in Sources */ = {isa = PBXBuildFile; fileRef = A6B10A462563B34D00D34DA7 /* CdromSourceViewController.m */; };
		A6B10A492563B34D00D34DA7 /* CdromSourceViewController.xib in Resources */ = {isa = PBXBuildFile; fileRef = A6B10A472563B34D00D34DA7 /* CdromSourceViewController.xib */; };
		A6B10A4D2563B36C00D34DA7 /* TargetDirViewController.m in Sources */ = {isa = PBXBuildFile; fileRef = A6B10A4B2563B36C00D34DA7 /* TargetDirViewController.m */; };
		A6B10A4E2563B36C00D34DA7 /* TargetDirViewController.xib in Resources */ = {isa = PBXBuildFile; fileRef = A6B10A4C2563B36C00D34DA7 /* TargetDirViewController.xib */; };
		A6B10A522563B38700D34DA7 /* ExtractingViewController.m in Sources */ = {isa = PBXBuildFile; fileRef = A6B10A502563B38700D34DA7 /* ExtractingViewController.m */; };
		A6B10A532563B38700D34DA7 /* ExtractingViewController.xib in Resources */ = {isa = PBXBuildFile; fileRef = A6B10A512563B38700D34DA7 /* ExtractingViewController.xib */; };
		A6B10A582563ED3F00D34DA7 /* AppController.m in Sources */ = {isa = PBXBuildFile; fileRef = A6B10A572563ED3F00D34DA7 /* AppController.m */; };
		A6B10A5E25640C9600D34DA7 /* WizardState.m in Sources */ = {isa = PBXBuildFile; fileRef = A6B10A5D25640C9600D34DA7 /* WizardState.m */; };
		A6B10A602564149C00D34DA7 /* WizardViewController.m in Sources */ = {isa = PBXBuildFile; fileRef = A6B10A5F2564149B00D34DA7 /* WizardViewController.m */; };
/* End PBXBuildFile section */

/* Begin PBXFileReference section */
		A6B10A1F2563B10800D34DA7 /* Caesar3Unpacker.app */ = {isa = PBXFileReference; explicitFileType = wrapper.application; includeInIndex = 0; path = Caesar3Unpacker.app; sourceTree = BUILT_PRODUCTS_DIR; };
		A6B10A222563B10800D34DA7 /* AppDelegate.h */ = {isa = PBXFileReference; lastKnownFileType = sourcecode.c.h; path = AppDelegate.h; sourceTree = "<group>"; };
		A6B10A232563B10800D34DA7 /* AppDelegate.m */ = {isa = PBXFileReference; lastKnownFileType = sourcecode.c.objc; path = AppDelegate.m; sourceTree = "<group>"; };
		A6B10A252563B10A00D34DA7 /* Assets.xcassets */ = {isa = PBXFileReference; lastKnownFileType = folder.assetcatalog; path = Assets.xcassets; sourceTree = "<group>"; };
		A6B10A282563B10A00D34DA7 /* Base */ = {isa = PBXFileReference; lastKnownFileType = file.xib; name = Base; path = Base.lproj/MainMenu.xib; sourceTree = "<group>"; };
		A6B10A2A2563B10A00D34DA7 /* Info.plist */ = {isa = PBXFileReference; lastKnownFileType = text.plist.xml; path = Info.plist; sourceTree = "<group>"; };
		A6B10A2B2563B10A00D34DA7 /* main.m */ = {isa = PBXFileReference; lastKnownFileType = sourcecode.c.objc; path = main.m; sourceTree = "<group>"; };
		A6B10A2D2563B10A00D34DA7 /* Caesar3Unpacker.entitlements */ = {isa = PBXFileReference; lastKnownFileType = text.plist.entitlements; path = Caesar3Unpacker.entitlements; sourceTree = "<group>"; };
		A6B10A362563B21300D34DA7 /* ChooseSourceViewController.h */ = {isa = PBXFileReference; lastKnownFileType = sourcecode.c.h; path = ChooseSourceViewController.h; sourceTree = "<group>"; };
		A6B10A372563B21300D34DA7 /* ChooseSourceViewController.m */ = {isa = PBXFileReference; lastKnownFileType = sourcecode.c.objc; path = ChooseSourceViewController.m; sourceTree = "<group>"; };
		A6B10A382563B21300D34DA7 /* ChooseSourceViewController.xib */ = {isa = PBXFileReference; lastKnownFileType = file.xib; path = ChooseSourceViewController.xib; sourceTree = "<group>"; };
		A6B10A3B2563B32F00D34DA7 /* GogSourceViewController.h */ = {isa = PBXFileReference; lastKnownFileType = sourcecode.c.h; path = GogSourceViewController.h; sourceTree = "<group>"; };
		A6B10A3C2563B32F00D34DA7 /* GogSourceViewController.m */ = {isa = PBXFileReference; lastKnownFileType = sourcecode.c.objc; path = GogSourceViewController.m; sourceTree = "<group>"; };
		A6B10A3D2563B32F00D34DA7 /* GogSourceViewController.xib */ = {isa = PBXFileReference; lastKnownFileType = file.xib; path = GogSourceViewController.xib; sourceTree = "<group>"; };
		A6B10A402563B33E00D34DA7 /* SteamSourceViewController.h */ = {isa = PBXFileReference; lastKnownFileType = sourcecode.c.h; path = SteamSourceViewController.h; sourceTree = "<group>"; };
		A6B10A412563B33E00D34DA7 /* SteamSourceViewController.m */ = {isa = PBXFileReference; lastKnownFileType = sourcecode.c.objc; path = SteamSourceViewController.m; sourceTree = "<group>"; };
		A6B10A422563B33E00D34DA7 /* SteamSourceViewController.xib */ = {isa = PBXFileReference; lastKnownFileType = file.xib; path = SteamSourceViewController.xib; sourceTree = "<group>"; };
		A6B10A452563B34D00D34DA7 /* CdromSourceViewController.h */ = {isa = PBXFileReference; lastKnownFileType = sourcecode.c.h; path = CdromSourceViewController.h; sourceTree = "<group>"; };
		A6B10A462563B34D00D34DA7 /* CdromSourceViewController.m */ = {isa = PBXFileReference; lastKnownFileType = sourcecode.c.objc; path = CdromSourceViewController.m; sourceTree = "<group>"; };
		A6B10A472563B34D00D34DA7 /* CdromSourceViewController.xib */ = {isa = PBXFileReference; lastKnownFileType = file.xib; path = CdromSourceViewController.xib; sourceTree = "<group>"; };
		A6B10A4A2563B36C00D34DA7 /* TargetDirViewController.h */ = {isa = PBXFileReference; lastKnownFileType = sourcecode.c.h; path = TargetDirViewController.h; sourceTree = "<group>"; };
		A6B10A4B2563B36C00D34DA7 /* TargetDirViewController.m */ = {isa = PBXFileReference; lastKnownFileType = sourcecode.c.objc; path = TargetDirViewController.m; sourceTree = "<group>"; };
		A6B10A4C2563B36C00D34DA7 /* TargetDirViewController.xib */ = {isa = PBXFileReference; lastKnownFileType = file.xib; path = TargetDirViewController.xib; sourceTree = "<group>"; };
		A6B10A4F2563B38700D34DA7 /* ExtractingViewController.h */ = {isa = PBXFileReference; lastKnownFileType = sourcecode.c.h; path = ExtractingViewController.h; sourceTree = "<group>"; };
		A6B10A502563B38700D34DA7 /* ExtractingViewController.m */ = {isa = PBXFileReference; lastKnownFileType = sourcecode.c.objc; path = ExtractingViewController.m; sourceTree = "<group>"; };
		A6B10A512563B38700D34DA7 /* ExtractingViewController.xib */ = {isa = PBXFileReference; lastKnownFileType = file.xib; path = ExtractingViewController.xib; sourceTree = "<group>"; };
		A6B10A562563ED3F00D34DA7 /* AppController.h */ = {isa = PBXFileReference; lastKnownFileType = sourcecode.c.h; path = AppController.h; sourceTree = "<group>"; };
		A6B10A572563ED3F00D34DA7 /* AppController.m */ = {isa = PBXFileReference; lastKnownFileType = sourcecode.c.objc; path = AppController.m; sourceTree = "<group>"; };
		A6B10A592563EE0700D34DA7 /* WizardViewController.h */ = {isa = PBXFileReference; lastKnownFileType = sourcecode.c.h; path = WizardViewController.h; sourceTree = "<group>"; };
		A6B10A5C25640C9600D34DA7 /* WizardState.h */ = {isa = PBXFileReference; lastKnownFileType = sourcecode.c.h; path = WizardState.h; sourceTree = "<group>"; };
		A6B10A5D25640C9600D34DA7 /* WizardState.m */ = {isa = PBXFileReference; lastKnownFileType = sourcecode.c.objc; path = WizardState.m; sourceTree = "<group>"; };
		A6B10A5F2564149B00D34DA7 /* WizardViewController.m */ = {isa = PBXFileReference; fileEncoding = 4; lastKnownFileType = sourcecode.c.objc; path = WizardViewController.m; sourceTree = "<group>"; };
/* End PBXFileReference section */

/* Begin PBXFrameworksBuildPhase section */
		A6B10A1C2563B10800D34DA7 /* Frameworks */ = {
			isa = PBXFrameworksBuildPhase;
			buildActionMask = 2147483647;
			files = (
			);
			runOnlyForDeploymentPostprocessing = 0;
		};
/* End PBXFrameworksBuildPhase section */

/* Begin PBXGroup section */
		A6B10A162563B10800D34DA7 = {
			isa = PBXGroup;
			children = (
				A6B10A212563B10800D34DA7 /* Caesar3Unpacker */,
				A6B10A202563B10800D34DA7 /* Products */,
			);
			sourceTree = "<group>";
		};
		A6B10A202563B10800D34DA7 /* Products */ = {
			isa = PBXGroup;
			children = (
				A6B10A1F2563B10800D34DA7 /* Caesar3Unpacker.app */,
			);
			name = Products;
			sourceTree = "<group>";
		};
		A6B10A212563B10800D34DA7 /* Caesar3Unpacker */ = {
			isa = PBXGroup;
			children = (
				A6B10A6225650CFE00D34DA7 /* unshield */,
				A6B10A222563B10800D34DA7 /* AppDelegate.h */,
				A6B10A232563B10800D34DA7 /* AppDelegate.m */,
				A6B10A252563B10A00D34DA7 /* Assets.xcassets */,
				A6B10A272563B10A00D34DA7 /* MainMenu.xib */,
				A6B10A2A2563B10A00D34DA7 /* Info.plist */,
				A6B10A2B2563B10A00D34DA7 /* main.m */,
				A6B10A2D2563B10A00D34DA7 /* Caesar3Unpacker.entitlements */,
				A6B10A362563B21300D34DA7 /* ChooseSourceViewController.h */,
				A6B10A372563B21300D34DA7 /* ChooseSourceViewController.m */,
				A6B10A382563B21300D34DA7 /* ChooseSourceViewController.xib */,
				A6B10A3B2563B32F00D34DA7 /* GogSourceViewController.h */,
				A6B10A3C2563B32F00D34DA7 /* GogSourceViewController.m */,
				A6B10A3D2563B32F00D34DA7 /* GogSourceViewController.xib */,
				A6B10A402563B33E00D34DA7 /* SteamSourceViewController.h */,
				A6B10A412563B33E00D34DA7 /* SteamSourceViewController.m */,
				A6B10A422563B33E00D34DA7 /* SteamSourceViewController.xib */,
				A6B10A452563B34D00D34DA7 /* CdromSourceViewController.h */,
				A6B10A462563B34D00D34DA7 /* CdromSourceViewController.m */,
				A6B10A472563B34D00D34DA7 /* CdromSourceViewController.xib */,
				A6B10A4A2563B36C00D34DA7 /* TargetDirViewController.h */,
				A6B10A4B2563B36C00D34DA7 /* TargetDirViewController.m */,
				A6B10A4C2563B36C00D34DA7 /* TargetDirViewController.xib */,
				A6B10A4F2563B38700D34DA7 /* ExtractingViewController.h */,
				A6B10A502563B38700D34DA7 /* ExtractingViewController.m */,
				A6B10A512563B38700D34DA7 /* ExtractingViewController.xib */,
				A6B10A562563ED3F00D34DA7 /* AppController.h */,
				A6B10A572563ED3F00D34DA7 /* AppController.m */,
				A6B10A592563EE0700D34DA7 /* WizardViewController.h */,
				A6B10A5F2564149B00D34DA7 /* WizardViewController.m */,
				A6B10A5C25640C9600D34DA7 /* WizardState.h */,
				A6B10A5D25640C9600D34DA7 /* WizardState.m */,
			);
			path = Caesar3Unpacker;
			sourceTree = "<group>";
		};
		A6B10A6225650CFE00D34DA7 /* unshield */ = {
			isa = PBXGroup;
			children = (
			);
			path = unshield;
			sourceTree = "<group>";
		};
/* End PBXGroup section */

/* Begin PBXNativeTarget section */
		A6B10A1E2563B10800D34DA7 /* Caesar3Unpacker */ = {
			isa = PBXNativeTarget;
			buildConfigurationList = A6B10A302563B10A00D34DA7 /* Build configuration list for PBXNativeTarget "Caesar3Unpacker" */;
			buildPhases = (
				A6B10A1B2563B10800D34DA7 /* Sources */,
				A6B10A1C2563B10800D34DA7 /* Frameworks */,
				A6B10A1D2563B10800D34DA7 /* Resources */,
			);
			buildRules = (
			);
			dependencies = (
			);
			name = Caesar3Unpacker;
			productName = Caesar3Unpacker;
			productReference = A6B10A1F2563B10800D34DA7 /* Caesar3Unpacker.app */;
			productType = "com.apple.product-type.application";
		};
/* End PBXNativeTarget section */

/* Begin PBXProject section */
		A6B10A172563B10800D34DA7 /* Project object */ = {
			isa = PBXProject;
			attributes = {
				LastUpgradeCheck = 1130;
				ORGANIZATIONNAME = "Julius Team";
				TargetAttributes = {
					A6B10A1E2563B10800D34DA7 = {
						CreatedOnToolsVersion = 11.3.1;
					};
				};
			};
			buildConfigurationList = A6B10A1A2563B10800D34DA7 /* Build configuration list for PBXProject "Caesar3Unpacker" */;
			compatibilityVersion = "Xcode 9.3";
			developmentRegion = en;
			hasScannedForEncodings = 0;
			knownRegions = (
				en,
				Base,
			);
			mainGroup = A6B10A162563B10800D34DA7;
			productRefGroup = A6B10A202563B10800D34DA7 /* Products */;
			projectDirPath = "";
			projectRoot = "";
			targets = (
				A6B10A1E2563B10800D34DA7 /* Caesar3Unpacker */,
			);
		};
/* End PBXProject section */

/* Begin PBXResourcesBuildPhase section */
		A6B10A1D2563B10800D34DA7 /* Resources */ = {
			isa = PBXResourcesBuildPhase;
			buildActionMask = 2147483647;
			files = (
				A6B10A3A2563B21300D34DA7 /* ChooseSourceViewController.xib in Resources */,
				A6B10A4E2563B36C00D34DA7 /* TargetDirViewController.xib in Resources */,
				A6B10A3F2563B32F00D34DA7 /* GogSourceViewController.xib in Resources */,
				A6B10A442563B33E00D34DA7 /* SteamSourceViewController.xib in Resources */,
				A6B10A492563B34D00D34DA7 /* CdromSourceViewController.xib in Resources */,
				A6B10A532563B38700D34DA7 /* ExtractingViewController.xib in Resources */,
				A6B10A262563B10A00D34DA7 /* Assets.xcassets in Resources */,
				A6B10A292563B10A00D34DA7 /* MainMenu.xib in Resources */,
			);
			runOnlyForDeploymentPostprocessing = 0;
		};
/* End PBXResourcesBuildPhase section */

/* Begin PBXSourcesBuildPhase section */
		A6B10A1B2563B10800D34DA7 /* Sources */ = {
			isa = PBXSourcesBuildPhase;
			buildActionMask = 2147483647;
			files = (
				A6B10A4D2563B36C00D34DA7 /* TargetDirViewController.m in Sources */,
				A6B10A392563B21300D34DA7 /* ChooseSourceViewController.m in Sources */,
				A6B10A3E2563B32F00D34DA7 /* GogSourceViewController.m in Sources */,
				A6B10A602564149C00D34DA7 /* WizardViewController.m in Sources */,
				A6B10A432563B33E00D34DA7 /* SteamSourceViewController.m in Sources */,
				A6B10A582563ED3F00D34DA7 /* AppController.m in Sources */,
				A6B10A2C2563B10A00D34DA7 /* main.m in Sources */,
				A6B10A522563B38700D34DA7 /* ExtractingViewController.m in Sources */,
				A6B10A242563B10800D34DA7 /* AppDelegate.m in Sources */,
				A6B10A5E25640C9600D34DA7 /* WizardState.m in Sources */,
				A6B10A482563B34D00D34DA7 /* CdromSourceViewController.m in Sources */,
			);
			runOnlyForDeploymentPostprocessing = 0;
		};
/* End PBXSourcesBuildPhase section */

/* Begin PBXVariantGroup section */
		A6B10A272563B10A00D34DA7 /* MainMenu.xib */ = {
			isa = PBXVariantGroup;
			children = (
				A6B10A282563B10A00D34DA7 /* Base */,
			);
			name = MainMenu.xib;
			sourceTree = "<group>";
		};
/* End PBXVariantGroup section */

/* Begin XCBuildConfiguration section */
		A6B10A2E2563B10A00D34DA7 /* Debug */ = {
			isa = XCBuildConfiguration;
			buildSettings = {
				ALWAYS_SEARCH_USER_PATHS = NO;
				CLANG_ANALYZER_NONNULL = YES;
				CLANG_ANALYZER_NUMBER_OBJECT_CONVERSION = YES_AGGRESSIVE;
				CLANG_CXX_LANGUAGE_STANDARD = "gnu++14";
				CLANG_CXX_LIBRARY = "libc++";
				CLANG_ENABLE_MODULES = YES;
				CLANG_ENABLE_OBJC_ARC = YES;
				CLANG_ENABLE_OBJC_WEAK = YES;
				CLANG_WARN_BLOCK_CAPTURE_AUTORELEASING = YES;
				CLANG_WARN_BOOL_CONVERSION = YES;
				CLANG_WARN_COMMA = YES;
				CLANG_WARN_CONSTANT_CONVERSION = YES;
				CLANG_WARN_DEPRECATED_OBJC_IMPLEMENTATIONS = YES;
				CLANG_WARN_DIRECT_OBJC_ISA_USAGE = YES_ERROR;
				CLANG_WARN_DOCUMENTATION_COMMENTS = YES;
				CLANG_WARN_EMPTY_BODY = YES;
				CLANG_WARN_ENUM_CONVERSION = YES;
				CLANG_WARN_INFINITE_RECURSION = YES;
				CLANG_WARN_INT_CONVERSION = YES;
				CLANG_WARN_NON_LITERAL_NULL_CONVERSION = YES;
				CLANG_WARN_OBJC_IMPLICIT_RETAIN_SELF = YES;
				CLANG_WARN_OBJC_LITERAL_CONVERSION = YES;
				CLANG_WARN_OBJC_ROOT_CLASS = YES_ERROR;
				CLANG_WARN_RANGE_LOOP_ANALYSIS = YES;
				CLANG_WARN_STRICT_PROTOTYPES = YES;
				CLANG_WARN_SUSPICIOUS_MOVE = YES;
				CLANG_WARN_UNGUARDED_AVAILABILITY = YES_AGGRESSIVE;
				CLANG_WARN_UNREACHABLE_CODE = YES;
				CLANG_WARN__DUPLICATE_METHOD_MATCH = YES;
				COPY_PHASE_STRIP = NO;
				DEBUG_INFORMATION_FORMAT = dwarf;
				ENABLE_STRICT_OBJC_MSGSEND = YES;
				ENABLE_TESTABILITY = YES;
				GCC_C_LANGUAGE_STANDARD = gnu11;
				GCC_DYNAMIC_NO_PIC = NO;
				GCC_NO_COMMON_BLOCKS = YES;
				GCC_OPTIMIZATION_LEVEL = 0;
				GCC_PREPROCESSOR_DEFINITIONS = (
					"DEBUG=1",
					"$(inherited)",
				);
				GCC_WARN_64_TO_32_BIT_CONVERSION = YES;
				GCC_WARN_ABOUT_RETURN_TYPE = YES_ERROR;
				GCC_WARN_UNDECLARED_SELECTOR = YES;
				GCC_WARN_UNINITIALIZED_AUTOS = YES_AGGRESSIVE;
				GCC_WARN_UNUSED_FUNCTION = YES;
				GCC_WARN_UNUSED_VARIABLE = YES;
				MACOSX_DEPLOYMENT_TARGET = 10.14;
				MTL_ENABLE_DEBUG_INFO = INCLUDE_SOURCE;
				MTL_FAST_MATH = YES;
				ONLY_ACTIVE_ARCH = YES;
				SDKROOT = macosx;
			};
			name = Debug;
		};
		A6B10A2F2563B10A00D34DA7 /* Release */ = {
			isa = XCBuildConfiguration;
			buildSettings = {
				ALWAYS_SEARCH_USER_PATHS = NO;
				CLANG_ANALYZER_NONNULL = YES;
				CLANG_ANALYZER_NUMBER_OBJECT_CONVERSION = YES_AGGRESSIVE;
				CLANG_CXX_LANGUAGE_STANDARD = "gnu++14";
				CLANG_CXX_LIBRARY = "libc++";
				CLANG_ENABLE_MODULES = YES;
				CLANG_ENABLE_OBJC_ARC = YES;
				CLANG_ENABLE_OBJC_WEAK = YES;
				CLANG_WARN_BLOCK_CAPTURE_AUTORELEASING = YES;
				CLANG_WARN_BOOL_CONVERSION = YES;
				CLANG_WARN_COMMA = YES;
				CLANG_WARN_CONSTANT_CONVERSION = YES;
				CLANG_WARN_DEPRECATED_OBJC_IMPLEMENTATIONS = YES;
				CLANG_WARN_DIRECT_OBJC_ISA_USAGE = YES_ERROR;
				CLANG_WARN_DOCUMENTATION_COMMENTS = YES;
				CLANG_WARN_EMPTY_BODY = YES;
				CLANG_WARN_ENUM_CONVERSION = YES;
				CLANG_WARN_INFINITE_RECURSION = YES;
				CLANG_WARN_INT_CONVERSION = YES;
				CLANG_WARN_NON_LITERAL_NULL_CONVERSION = YES;
				CLANG_WARN_OBJC_IMPLICIT_RETAIN_SELF = YES;
				CLANG_WARN_OBJC_LITERAL_CONVERSION = YES;
				CLANG_WARN_OBJC_ROOT_CLASS = YES_ERROR;
				CLANG_WARN_RANGE_LOOP_ANALYSIS = YES;
				CLANG_WARN_STRICT_PROTOTYPES = YES;
				CLANG_WARN_SUSPICIOUS_MOVE = YES;
				CLANG_WARN_UNGUARDED_AVAILABILITY = YES_AGGRESSIVE;
				CLANG_WARN_UNREACHABLE_CODE = YES;
				CLANG_WARN__DUPLICATE_METHOD_MATCH = YES;
				COPY_PHASE_STRIP = NO;
				DEBUG_INFORMATION_FORMAT = "dwarf-with-dsym";
				ENABLE_NS_ASSERTIONS = NO;
				ENABLE_STRICT_OBJC_MSGSEND = YES;
				GCC_C_LANGUAGE_STANDARD = gnu11;
				GCC_NO_COMMON_BLOCKS = YES;
				GCC_WARN_64_TO_32_BIT_CONVERSION = YES;
				GCC_WARN_ABOUT_RETURN_TYPE = YES_ERROR;
				GCC_WARN_UNDECLARED_SELECTOR = YES;
				GCC_WARN_UNINITIALIZED_AUTOS = YES_AGGRESSIVE;
				GCC_WARN_UNUSED_FUNCTION = YES;
				GCC_WARN_UNUSED_VARIABLE = YES;
				MACOSX_DEPLOYMENT_TARGET = 10.14;
				MTL_ENABLE_DEBUG_INFO = NO;
				MTL_FAST_MATH = YES;
				SDKROOT = macosx;
			};
			name = Release;
		};
		A6B10A312563B10A00D34DA7 /* Debug */ = {
			isa = XCBuildConfiguration;
			buildSettings = {
				ASSETCATALOG_COMPILER_APPICON_NAME = AppIcon;
				CODE_SIGN_ENTITLEMENTS = Caesar3Unpacker/Caesar3Unpacker.entitlements;
				CODE_SIGN_STYLE = Automatic;
				COMBINE_HIDPI_IMAGES = YES;
				INFOPLIST_FILE = Caesar3Unpacker/Info.plist;
				LD_RUNPATH_SEARCH_PATHS = (
					"$(inherited)",
					"@executable_path/../Frameworks",
				);
				MACOSX_DEPLOYMENT_TARGET = 10.10;
				PRODUCT_BUNDLE_IDENTIFIER = com.github.bvschaik.Caesar3Unpacker;
				PRODUCT_NAME = "$(TARGET_NAME)";
			};
			name = Debug;
		};
		A6B10A322563B10A00D34DA7 /* Release */ = {
			isa = XCBuildConfiguration;
			buildSettings = {
				ASSETCATALOG_COMPILER_APPICON_NAME = AppIcon;
				CODE_SIGN_ENTITLEMENTS = Caesar3Unpacker/Caesar3Unpacker.entitlements;
				CODE_SIGN_STYLE = Automatic;
				COMBINE_HIDPI_IMAGES = YES;
				INFOPLIST_FILE = Caesar3Unpacker/Info.plist;
				LD_RUNPATH_SEARCH_PATHS = (
					"$(inherited)",
					"@executable_path/../Frameworks",
				);
				MACOSX_DEPLOYMENT_TARGET = 10.10;
				PRODUCT_BUNDLE_IDENTIFIER = com.github.bvschaik.Caesar3Unpacker;
				PRODUCT_NAME = "$(TARGET_NAME)";
			};
			name = Release;
		};
/* End XCBuildConfiguration section */

/* Begin XCConfigurationList section */
		A6B10A1A2563B10800D34DA7 /* Build configuration list for PBXProject "Caesar3Unpacker" */ = {
			isa = XCConfigurationList;
			buildConfigurations = (
				A6B10A2E2563B10A00D34DA7 /* Debug */,
				A6B10A2F2563B10A00D34DA7 /* Release */,
			);
			defaultConfigurationIsVisible = 0;
			defaultConfigurationName = Release;
		};
		A6B10A302563B10A00D34DA7 /* Build configuration list for PBXNativeTarget "Caesar3Unpacker" */ = {
			isa = XCConfigurationList;
			buildConfigurations = (
				A6B10A312563B10A00D34DA7 /* Debug */,
				A6B10A322563B10A00D34DA7 /* Release */,
			);
			defaultConfigurationIsVisible = 0;
			defaultConfigurationName = Release;
		};
/* End XCConfigurationList section */
	};
	rootObject = A6B10A172563B10800D34DA7 /* Project object */;
}
